
Microsoft Visual Studio Solution File, Format Version 12.00
# Visual Studio Version 17
VisualStudioVersion = 17.0.31912.275
MinimumVisualStudioVersion = 10.0.40219.1
Project("{9A19103F-16F7-4668-BE54-9A1E7A4F7556}") = "MVPConf.ProjectOne.Api", "MVPConf.ProjectOne.Api\MVPConf.ProjectOne.Api.csproj", "{58060F8E-4829-498C-A201-96FACAE56D83}"
EndProject
Project("{9A19103F-16F7-4668-BE54-9A1E7A4F7556}") = "MVPConf.ProjectOne.Domain.Tests", "MVPConf.ProjectOne.Domain.Tests\MVPConf.ProjectOne.Domain.Tests.csproj", "{FFCB5F68-AEC2-41A7-BB7C-2C9EB384B676}"
EndProject
Project("{FAE04EC0-301F-11D3-BF4B-00C04F79EFBC}") = "MVPConf.ProjectOne.Domain", "MVPConf.ProjectOne.Domain\MVPConf.ProjectOne.Domain.csproj", "{D5A083D5-C60C-49CC-8D1B-0D9A7A63FEDE}"
EndProject
Global
	GlobalSection(SolutionConfigurationPlatforms) = preSolution
		Debug|Any CPU = Debug|Any CPU
		Release|Any CPU = Release|Any CPU
	EndGlobalSection
	GlobalSection(ProjectConfigurationPlatforms) = postSolution
		{58060F8E-4829-498C-A201-96FACAE56D83}.Debug|Any CPU.ActiveCfg = Debug|Any CPU
		{58060F8E-4829-498C-A201-96FACAE56D83}.Debug|Any CPU.Build.0 = Debug|Any CPU
		{58060F8E-4829-498C-A201-96FACAE56D83}.Release|Any CPU.ActiveCfg = Release|Any CPU
		{58060F8E-4829-498C-A201-96FACAE56D83}.Release|Any CPU.Build.0 = Release|Any CPU
		{FFCB5F68-AEC2-41A7-BB7C-2C9EB384B676}.Debug|Any CPU.ActiveCfg = Debug|Any CPU
		{FFCB5F68-AEC2-41A7-BB7C-2C9EB384B676}.Debug|Any CPU.Build.0 = Debug|Any CPU
		{FFCB5F68-AEC2-41A7-BB7C-2C9EB384B676}.Release|Any CPU.ActiveCfg = Release|Any CPU
		{FFCB5F68-AEC2-41A7-BB7C-2C9EB384B676}.Release|Any CPU.Build.0 = Release|Any CPU
		{D5A083D5-C60C-49CC-8D1B-0D9A7A63FEDE}.Debug|Any CPU.ActiveCfg = Debug|Any CPU
		{D5A083D5-C60C-49CC-8D1B-0D9A7A63FEDE}.Debug|Any CPU.Build.0 = Debug|Any CPU
		{D5A083D5-C60C-49CC-8D1B-0D9A7A63FEDE}.Release|Any CPU.ActiveCfg = Release|Any CPU
		{D5A083D5-C60C-49CC-8D1B-0D9A7A63FEDE}.Release|Any CPU.Build.0 = Release|Any CPU
	EndGlobalSection
	GlobalSection(SolutionProperties) = preSolution
		HideSolutionNode = FALSE
	EndGlobalSection
	GlobalSection(ExtensibilityGlobals) = postSolution
		SolutionGuid = {6CCA57B8-2CFA-4469-AC17-068A81BB8CEA}
	EndGlobalSection
EndGlobal
